
Microsoft Visual Studio Solution File, Format Version 12.00
# Visual Studio 14
VisualStudioVersion = 14.0.25420.1
MinimumVisualStudioVersion = 10.0.40219.1
Project("{F184B08F-C81C-45F6-A57F-5ABD9991F28F}") = "ContractMediaExposures", "CSVCalculations\ContractMediaExposures.vbproj", "{267C7E73-3A18-4137-8C60-698374CFC407}"
EndProject
Project("{F184B08F-C81C-45F6-A57F-5ABD9991F28F}") = "Media2013", "Media2013\Media2013.vbproj", "{1BBC1CB7-DC42-4BFD-BCAB-D752FACA17D4}"
EndProject
Project("{F184B08F-C81C-45F6-A57F-5ABD9991F28F}") = "Media2013Fixed", "Media2013Fixed\Media2013Fixed.vbproj", "{1A1973A3-AAE9-437A-BBF7-B5ACF31503CE}"
EndProject
Project("{F184B08F-C81C-45F6-A57F-5ABD9991F28F}") = "Contract2013", "Contract2013\Contract2013.vbproj", "{CE63BACF-376B-44DA-9914-50D30355E9BF}"
EndProject
Global
	GlobalSection(SolutionConfigurationPlatforms) = preSolution
		Debug|Any CPU = Debug|Any CPU
		Release|Any CPU = Release|Any CPU
	EndGlobalSection
	GlobalSection(ProjectConfigurationPlatforms) = postSolution
		{267C7E73-3A18-4137-8C60-698374CFC407}.Debug|Any CPU.ActiveCfg = Debug|Any CPU
		{267C7E73-3A18-4137-8C60-698374CFC407}.Debug|Any CPU.Build.0 = Debug|Any CPU
		{267C7E73-3A18-4137-8C60-698374CFC407}.Release|Any CPU.ActiveCfg = Release|Any CPU
		{267C7E73-3A18-4137-8C60-698374CFC407}.Release|Any CPU.Build.0 = Release|Any CPU
		{1BBC1CB7-DC42-4BFD-BCAB-D752FACA17D4}.Debug|Any CPU.ActiveCfg = Debug|Any CPU
		{1BBC1CB7-DC42-4BFD-BCAB-D752FACA17D4}.Debug|Any CPU.Build.0 = Debug|Any CPU
		{1BBC1CB7-DC42-4BFD-BCAB-D752FACA17D4}.Release|Any CPU.ActiveCfg = Release|Any CPU
		{1BBC1CB7-DC42-4BFD-BCAB-D752FACA17D4}.Release|Any CPU.Build.0 = Release|Any CPU
		{1A1973A3-AAE9-437A-BBF7-B5ACF31503CE}.Debug|Any CPU.ActiveCfg = Debug|Any CPU
		{1A1973A3-AAE9-437A-BBF7-B5ACF31503CE}.Debug|Any CPU.Build.0 = Debug|Any CPU
		{1A1973A3-AAE9-437A-BBF7-B5ACF31503CE}.Release|Any CPU.ActiveCfg = Release|Any CPU
		{1A1973A3-AAE9-437A-BBF7-B5ACF31503CE}.Release|Any CPU.Build.0 = Release|Any CPU
		{CE63BACF-376B-44DA-9914-50D30355E9BF}.Debug|Any CPU.ActiveCfg = Debug|Any CPU
		{CE63BACF-376B-44DA-9914-50D30355E9BF}.Debug|Any CPU.Build.0 = Debug|Any CPU
		{CE63BACF-376B-44DA-9914-50D30355E9BF}.Release|Any CPU.ActiveCfg = Release|Any CPU
		{CE63BACF-376B-44DA-9914-50D30355E9BF}.Release|Any CPU.Build.0 = Release|Any CPU
	EndGlobalSection
	GlobalSection(SolutionProperties) = preSolution
		HideSolutionNode = FALSE
	EndGlobalSection
EndGlobal
